
Microsoft Visual Studio Solution File, Format Version 12.00
# Visual Studio Version 17
VisualStudioVersion = 17.1.32328.378
MinimumVisualStudioVersion = 10.0.40219.1
Project("{FAE04EC0-301F-11D3-BF4B-00C04F79EFBC}") = "ContactManager", "ContactManager\ContactManager.csproj", "{55E5FCD3-9726-44A9-A7F1-8D7FD1BA321E}"
EndProject
Global
	GlobalSection(SolutionConfigurationPlatforms) = preSolution
		Debug|Any CPU = Debug|Any CPU
		Release|Any CPU = Release|Any CPU
	EndGlobalSection
	GlobalSection(ProjectConfigurationPlatforms) = postSolution
		{55E5FCD3-9726-44A9-A7F1-8D7FD1BA321E}.Debug|Any CPU.ActiveCfg = Debug|Any CPU
		{55E5FCD3-9726-44A9-A7F1-8D7FD1BA321E}.Debug|Any CPU.Build.0 = Debug|Any CPU
		{55E5FCD3-9726-44A9-A7F1-8D7FD1BA321E}.Release|Any CPU.ActiveCfg = Release|Any CPU
		{55E5FCD3-9726-44A9-A7F1-8D7FD1BA321E}.Release|Any CPU.Build.0 = Release|Any CPU
	EndGlobalSection
	GlobalSection(SolutionProperties) = preSolution
		HideSolutionNode = FALSE
	EndGlobalSection
	GlobalSection(ExtensibilityGlobals) = postSolution
		SolutionGuid = {917B8B6F-84DF-461A-B29F-818E0C857D69}
	EndGlobalSection
EndGlobal
